// !$*UTF8*$!
{
	archiveVersion = 1;
	classes = {
	};
	objectVersion = 56;
	objects = {

/* Begin PBXBuildFile section */
		3A1405C02AD4261F00ED8636 /* AppDelegate.swift in Sources */ = {isa = PBXBuildFile; fileRef = 3A1405BF2AD4261F00ED8636 /* AppDelegate.swift */; };
		3A1405C42AD4261F00ED8636 /* SplashViewController.swift in Sources */ = {isa = PBXBuildFile; fileRef = 3A1405C32AD4261F00ED8636 /* SplashViewController.swift */; };
		3A1405C92AD4262000ED8636 /* Assets.xcassets in Resources */ = {isa = PBXBuildFile; fileRef = 3A1405C82AD4262000ED8636 /* Assets.xcassets */; };
		3A1405CC2AD4262000ED8636 /* LaunchScreen.storyboard in Resources */ = {isa = PBXBuildFile; fileRef = 3A1405CA2AD4262000ED8636 /* LaunchScreen.storyboard */; };
		3A1405DE2AD42CE000ED8636 /* Localizable.strings in Resources */ = {isa = PBXBuildFile; fileRef = 3A1405E02AD42CE000ED8636 /* Localizable.strings */; };
		3A1405E42AD42DA900ED8636 /* LocalizedStrings.swift in Sources */ = {isa = PBXBuildFile; fileRef = 3A1405E22AD42DA900ED8636 /* LocalizedStrings.swift */; };
		3A1405E52AD42DA900ED8636 /* Assets.swift in Sources */ = {isa = PBXBuildFile; fileRef = 3A1405E32AD42DA900ED8636 /* Assets.swift */; };
		3A1405EC2AD4301900ED8636 /* Applyable.swift in Sources */ = {isa = PBXBuildFile; fileRef = 3A1405EB2AD4301900ED8636 /* Applyable.swift */; };
		3A1405EE2AD4302900ED8636 /* ReuseIdentifier.swift in Sources */ = {isa = PBXBuildFile; fileRef = 3A1405ED2AD4302900ED8636 /* ReuseIdentifier.swift */; };
		3A1405F02AD4340100ED8636 /* AuthCoordinator.swift in Sources */ = {isa = PBXBuildFile; fileRef = 3A1405EF2AD4340100ED8636 /* AuthCoordinator.swift */; };
		3A1405F22AD434A200ED8636 /* OnboardingViewController.swift in Sources */ = {isa = PBXBuildFile; fileRef = 3A1405F12AD434A200ED8636 /* OnboardingViewController.swift */; };
		3A1405F62AD435FC00ED8636 /* OnboardingElement.swift in Sources */ = {isa = PBXBuildFile; fileRef = 3A1405F52AD435FC00ED8636 /* OnboardingElement.swift */; };
		3A1405FA2AD43B8700ED8636 /* NotoSansJP-Regular.ttf in Resources */ = {isa = PBXBuildFile; fileRef = 3A1405F82AD43B8700ED8636 /* NotoSansJP-Regular.ttf */; };
		3A1405FB2AD43B8700ED8636 /* NotoSansJP-Bold.ttf in Resources */ = {isa = PBXBuildFile; fileRef = 3A1405F92AD43B8700ED8636 /* NotoSansJP-Bold.ttf */; };
		3A1405FD2AD43C4100ED8636 /* Fonts.swift in Sources */ = {isa = PBXBuildFile; fileRef = 3A1405FC2AD43C4100ED8636 /* Fonts.swift */; };
		3A1406002AD43C5A00ED8636 /* CustomStyleLabel.swift in Sources */ = {isa = PBXBuildFile; fileRef = 3A1405FF2AD43C5A00ED8636 /* CustomStyleLabel.swift */; };
		3A1406032AD43E2100ED8636 /* UIViewController+NavigationBar.swift in Sources */ = {isa = PBXBuildFile; fileRef = 3A1406022AD43E2100ED8636 /* UIViewController+NavigationBar.swift */; };
		3A1406072AD4440A00ED8636 /* AuthorizationViewController.swift in Sources */ = {isa = PBXBuildFile; fileRef = 3A1406062AD4440A00ED8636 /* AuthorizationViewController.swift */; };
		3A1406092AD450EA00ED8636 /* FilledButton.swift in Sources */ = {isa = PBXBuildFile; fileRef = 3A1406082AD450EA00ED8636 /* FilledButton.swift */; };
		3A14060B2AD4698600ED8636 /* GoogleButton.swift in Sources */ = {isa = PBXBuildFile; fileRef = 3A14060A2AD4698600ED8636 /* GoogleButton.swift */; };
		3A14060D2AD46CF300ED8636 /* NotoSansJP-Medium.ttf in Resources */ = {isa = PBXBuildFile; fileRef = 3A14060C2AD46CF300ED8636 /* NotoSansJP-Medium.ttf */; };
		3A1406102AD473FA00ED8636 /* SignUpViewController.swift in Sources */ = {isa = PBXBuildFile; fileRef = 3A14060F2AD473FA00ED8636 /* SignUpViewController.swift */; };
		3A1406122AD4753800ED8636 /* UIViewController+BackButton.swift in Sources */ = {isa = PBXBuildFile; fileRef = 3A1406112AD4753800ED8636 /* UIViewController+BackButton.swift */; };
		3A1406142AD47BBD00ED8636 /* AuthorizationTextField.swift in Sources */ = {isa = PBXBuildFile; fileRef = 3A1406132AD47BBD00ED8636 /* AuthorizationTextField.swift */; };
		3A14061C2AD4973100ED8636 /* CustomStyleSeparator.swift in Sources */ = {isa = PBXBuildFile; fileRef = 3A14061B2AD4973100ED8636 /* CustomStyleSeparator.swift */; };
		3A14061F2AD4AC3B00ED8636 /* VerificationViewController.swift in Sources */ = {isa = PBXBuildFile; fileRef = 3A14061E2AD4AC3B00ED8636 /* VerificationViewController.swift */; };
		3A1406212AD4AD5900ED8636 /* UIViewController+TitleLogo.swift in Sources */ = {isa = PBXBuildFile; fileRef = 3A1406202AD4AD5900ED8636 /* UIViewController+TitleLogo.swift */; };
		3A1406262AD54E1100ED8636 /* SuccessViewController.swift in Sources */ = {isa = PBXBuildFile; fileRef = 3A1406252AD54E1100ED8636 /* SuccessViewController.swift */; };
		3A14062F2AD57EFF00ED8636 /* MainTabBarController.swift in Sources */ = {isa = PBXBuildFile; fileRef = 3A14062E2AD57EFF00ED8636 /* MainTabBarController.swift */; };
		3A1406802AD6ACBC00ED8636 /* PasswordTextField.swift in Sources */ = {isa = PBXBuildFile; fileRef = 3A14067F2AD6ACBC00ED8636 /* PasswordTextField.swift */; };
		3A1406832AD6AEF800ED8636 /* ResetPasswordViewController.swift in Sources */ = {isa = PBXBuildFile; fileRef = 3A1406822AD6AEF800ED8636 /* ResetPasswordViewController.swift */; };
		3A41C6232ADFE7E1007BCDD2 /* Event.swift in Sources */ = {isa = PBXBuildFile; fileRef = 3A41C6222ADFE7E1007BCDD2 /* Event.swift */; };
		3A41C6252ADFE7E6007BCDD2 /* Job.swift in Sources */ = {isa = PBXBuildFile; fileRef = 3A41C6242ADFE7E6007BCDD2 /* Job.swift */; };
		3A48E9E32AE92347005F18BF /* EventsMapViewController.swift in Sources */ = {isa = PBXBuildFile; fileRef = 3A48E9E22AE92347005F18BF /* EventsMapViewController.swift */; };
		3A48E9E72AE92CD7005F18BF /* SearchTextField.swift in Sources */ = {isa = PBXBuildFile; fileRef = 3A48E9E62AE92CD7005F18BF /* SearchTextField.swift */; };
		3A48E9E92AE933BF005F18BF /* UIViewController+TabBarHide.swift in Sources */ = {isa = PBXBuildFile; fileRef = 3A48E9E82AE933BF005F18BF /* UIViewController+TabBarHide.swift */; };
		3A48E9EB2AE93956005F18BF /* UIViewController+SafeAreaHeight.swift in Sources */ = {isa = PBXBuildFile; fileRef = 3A48E9EA2AE93956005F18BF /* UIViewController+SafeAreaHeight.swift */; };
		3A48E9ED2AE940E4005F18BF /* ApiKeys.swift in Sources */ = {isa = PBXBuildFile; fileRef = 3A48E9EC2AE940E4005F18BF /* ApiKeys.swift */; };
		3A4CB85A2ADED0B900F4A1BF /* TabCoordinator.swift in Sources */ = {isa = PBXBuildFile; fileRef = 3A4CB8592ADED0B900F4A1BF /* TabCoordinator.swift */; };
		3A4CB85C2ADED40300F4A1BF /* Coordinator.swift in Sources */ = {isa = PBXBuildFile; fileRef = 3A4CB85B2ADED40300F4A1BF /* Coordinator.swift */; };
		3A4CB8612ADF11A500F4A1BF /* AppCoordinator.swift in Sources */ = {isa = PBXBuildFile; fileRef = 3A4CB8602ADF11A500F4A1BF /* AppCoordinator.swift */; };
		3A4CB8632ADF195400F4A1BF /* StubViewController.swift in Sources */ = {isa = PBXBuildFile; fileRef = 3A4CB8622ADF195400F4A1BF /* StubViewController.swift */; };
		3A683F8A2AE949460001ADD2 /* SnapKit in Frameworks */ = {isa = PBXBuildFile; productRef = 3A683F892AE949460001ADD2 /* SnapKit */; };
		3A6D6E512AD81600003EE439 /* FillDataViewController.swift in Sources */ = {isa = PBXBuildFile; fileRef = 3A6D6E502AD81600003EE439 /* FillDataViewController.swift */; };
		3A6D6E532AD817B4003EE439 /* FillDataStep.swift in Sources */ = {isa = PBXBuildFile; fileRef = 3A6D6E522AD817B4003EE439 /* FillDataStep.swift */; };
		3A6D6E552AD81C8C003EE439 /* AddressData.swift in Sources */ = {isa = PBXBuildFile; fileRef = 3A6D6E542AD81C8C003EE439 /* AddressData.swift */; };
		3A6D6E572AD84714003EE439 /* AddressDataCell.swift in Sources */ = {isa = PBXBuildFile; fileRef = 3A6D6E562AD84714003EE439 /* AddressDataCell.swift */; };
		3A6D6E5B2AD95427003EE439 /* SettingsManager.swift in Sources */ = {isa = PBXBuildFile; fileRef = 3A6D6E5A2AD95427003EE439 /* SettingsManager.swift */; };
		3A6D6E5D2AD9663D003EE439 /* UIViewController+Photos.swift in Sources */ = {isa = PBXBuildFile; fileRef = 3A6D6E5C2AD9663D003EE439 /* UIViewController+Photos.swift */; };
		3A6D6E5F2AD9667C003EE439 /* UIViewController+BlurLoader.swift in Sources */ = {isa = PBXBuildFile; fileRef = 3A6D6E5E2AD9667C003EE439 /* UIViewController+BlurLoader.swift */; };
		3A6D6E642AD9684B003EE439 /* InfoPlist.strings in Resources */ = {isa = PBXBuildFile; fileRef = 3A6D6E662AD9684B003EE439 /* InfoPlist.strings */; };
		3A6D6E692AD968D7003EE439 /* RoundImageView.swift in Sources */ = {isa = PBXBuildFile; fileRef = 3A6D6E682AD968D7003EE439 /* RoundImageView.swift */; };
		3A6D6E6D2AD97937003EE439 /* SelectionViewController.swift in Sources */ = {isa = PBXBuildFile; fileRef = 3A6D6E6C2AD97937003EE439 /* SelectionViewController.swift */; };
		3A6D6E6F2AD97B8B003EE439 /* SelectionType.swift in Sources */ = {isa = PBXBuildFile; fileRef = 3A6D6E6E2AD97B8B003EE439 /* SelectionType.swift */; };
		3A6D6E712AD97B95003EE439 /* City.swift in Sources */ = {isa = PBXBuildFile; fileRef = 3A6D6E702AD97B95003EE439 /* City.swift */; };
		3A6D6E732AD97B99003EE439 /* Country.swift in Sources */ = {isa = PBXBuildFile; fileRef = 3A6D6E722AD97B99003EE439 /* Country.swift */; };
		3A6D6E752AD98048003EE439 /* Selectable.swift in Sources */ = {isa = PBXBuildFile; fileRef = 3A6D6E742AD98048003EE439 /* Selectable.swift */; };
		3A6D6E772AD98527003EE439 /* SelectionCell.swift in Sources */ = {isa = PBXBuildFile; fileRef = 3A6D6E762AD98527003EE439 /* SelectionCell.swift */; };
		3A6D6E792AD98B3D003EE439 /* UserData.swift in Sources */ = {isa = PBXBuildFile; fileRef = 3A6D6E782AD98B3D003EE439 /* UserData.swift */; };
		3A6D6E8A2AD9A06A003EE439 /* VerificationType.swift in Sources */ = {isa = PBXBuildFile; fileRef = 3A6D6E892AD9A06A003EE439 /* VerificationType.swift */; };
		3A6D6E942AD9AF44003EE439 /* LoginViewController.swift in Sources */ = {isa = PBXBuildFile; fileRef = 3A6D6E932AD9AF44003EE439 /* LoginViewController.swift */; };
		3A6D6E972AD9B026003EE439 /* ForgotPasswordViewController.swift in Sources */ = {isa = PBXBuildFile; fileRef = 3A6D6E962AD9B026003EE439 /* ForgotPasswordViewController.swift */; };
		3AB0B3442ADD506D00F79316 /* MainTab.swift in Sources */ = {isa = PBXBuildFile; fileRef = 3AB0B3432ADD506D00F79316 /* MainTab.swift */; };
		3AB0B3472ADD60D500F79316 /* HomeViewController.swift in Sources */ = {isa = PBXBuildFile; fileRef = 3AB0B3462ADD60D500F79316 /* HomeViewController.swift */; };
		3AB0B34A2ADD610F00F79316 /* EventsViewController.swift in Sources */ = {isa = PBXBuildFile; fileRef = 3AB0B3492ADD610F00F79316 /* EventsViewController.swift */; };
		3AB0B34D2ADD613100F79316 /* SearchViewController.swift in Sources */ = {isa = PBXBuildFile; fileRef = 3AB0B34C2ADD613100F79316 /* SearchViewController.swift */; };
		3AB0B3502ADD614A00F79316 /* JobsViewController.swift in Sources */ = {isa = PBXBuildFile; fileRef = 3AB0B34F2ADD614A00F79316 /* JobsViewController.swift */; };
		3AB0B3532ADD616000F79316 /* ProfileViewController.swift in Sources */ = {isa = PBXBuildFile; fileRef = 3AB0B3522ADD616000F79316 /* ProfileViewController.swift */; };
		3AD203442AE7DB56005169C2 /* EventCell.swift in Sources */ = {isa = PBXBuildFile; fileRef = 3AD203432AE7DB56005169C2 /* EventCell.swift */; };
		3AD203462AE7DC3C005169C2 /* Array+SafeElement.swift in Sources */ = {isa = PBXBuildFile; fileRef = 3AD203452AE7DC3C005169C2 /* Array+SafeElement.swift */; };
		3AD203492AE7ED2C005169C2 /* EventVeiwController.swift in Sources */ = {isa = PBXBuildFile; fileRef = 3AD203482AE7ED2C005169C2 /* EventVeiwController.swift */; };
		3AD2034B2AE80CF1005169C2 /* UIView+FadeInFeedback.swift in Sources */ = {isa = PBXBuildFile; fileRef = 3AD2034A2AE80CF1005169C2 /* UIView+FadeInFeedback.swift */; };
		3AD2034D2AE83937005169C2 /* PinFieldView.swift in Sources */ = {isa = PBXBuildFile; fileRef = 3AD2034C2AE83937005169C2 /* PinFieldView.swift */; };
		3AD698EA2AE01F3900657B16 /* HomeViewHeader.swift in Sources */ = {isa = PBXBuildFile; fileRef = 3AD698E92AE01F3900657B16 /* HomeViewHeader.swift */; };
		3AD698EC2AE0230900657B16 /* HomeEventCell.swift in Sources */ = {isa = PBXBuildFile; fileRef = 3AD698EB2AE0230900657B16 /* HomeEventCell.swift */; };
		3AD698EE2AE0280900657B16 /* SmallActionButton.swift in Sources */ = {isa = PBXBuildFile; fileRef = 3AD698ED2AE0280900657B16 /* SmallActionButton.swift */; };
		3AD698F22AE03EFB00657B16 /* HomeJobCell.swift in Sources */ = {isa = PBXBuildFile; fileRef = 3AD698F12AE03EFB00657B16 /* HomeJobCell.swift */; };
		3AD698F42AE0479500657B16 /* TagView.swift in Sources */ = {isa = PBXBuildFile; fileRef = 3AD698F32AE0479500657B16 /* TagView.swift */; };
		C914316813465A346FCDDDDA /* Pods_AMSI.framework in Frameworks */ = {isa = PBXBuildFile; fileRef = A8FD6483B4BF7D69DD415A29 /* Pods_AMSI.framework */; };
/* End PBXBuildFile section */

/* Begin PBXFileReference section */
		3640F178569B80210995DB0E /* Pods-AMSI.release.xcconfig */ = {isa = PBXFileReference; includeInIndex = 1; lastKnownFileType = text.xcconfig; name = "Pods-AMSI.release.xcconfig"; path = "Target Support Files/Pods-AMSI/Pods-AMSI.release.xcconfig"; sourceTree = "<group>"; };
		3A1405BC2AD4261F00ED8636 /* AMSI.app */ = {isa = PBXFileReference; explicitFileType = wrapper.application; includeInIndex = 0; path = AMSI.app; sourceTree = BUILT_PRODUCTS_DIR; };
		3A1405BF2AD4261F00ED8636 /* AppDelegate.swift */ = {isa = PBXFileReference; lastKnownFileType = sourcecode.swift; path = AppDelegate.swift; sourceTree = "<group>"; };
		3A1405C32AD4261F00ED8636 /* SplashViewController.swift */ = {isa = PBXFileReference; lastKnownFileType = sourcecode.swift; path = SplashViewController.swift; sourceTree = "<group>"; };
		3A1405C82AD4262000ED8636 /* Assets.xcassets */ = {isa = PBXFileReference; lastKnownFileType = folder.assetcatalog; path = Assets.xcassets; sourceTree = "<group>"; };
		3A1405CB2AD4262000ED8636 /* Base */ = {isa = PBXFileReference; lastKnownFileType = file.storyboard; name = Base; path = Base.lproj/LaunchScreen.storyboard; sourceTree = "<group>"; };
		3A1405CD2AD4262000ED8636 /* Info.plist */ = {isa = PBXFileReference; lastKnownFileType = text.plist.xml; path = Info.plist; sourceTree = "<group>"; };
		3A1405DF2AD42CE000ED8636 /* en */ = {isa = PBXFileReference; lastKnownFileType = text.plist.strings; name = en; path = en.lproj/Localizable.strings; sourceTree = "<group>"; };
		3A1405E12AD42CF300ED8636 /* en-GB */ = {isa = PBXFileReference; lastKnownFileType = text.plist.strings; name = "en-GB"; path = "en-GB.lproj/Localizable.strings"; sourceTree = "<group>"; };
		3A1405E22AD42DA900ED8636 /* LocalizedStrings.swift */ = {isa = PBXFileReference; fileEncoding = 4; lastKnownFileType = sourcecode.swift; path = LocalizedStrings.swift; sourceTree = "<group>"; };
		3A1405E32AD42DA900ED8636 /* Assets.swift */ = {isa = PBXFileReference; fileEncoding = 4; lastKnownFileType = sourcecode.swift; path = Assets.swift; sourceTree = "<group>"; };
		3A1405EB2AD4301900ED8636 /* Applyable.swift */ = {isa = PBXFileReference; lastKnownFileType = sourcecode.swift; path = Applyable.swift; sourceTree = "<group>"; };
		3A1405ED2AD4302900ED8636 /* ReuseIdentifier.swift */ = {isa = PBXFileReference; lastKnownFileType = sourcecode.swift; path = ReuseIdentifier.swift; sourceTree = "<group>"; };
		3A1405EF2AD4340100ED8636 /* AuthCoordinator.swift */ = {isa = PBXFileReference; lastKnownFileType = sourcecode.swift; path = AuthCoordinator.swift; sourceTree = "<group>"; };
		3A1405F12AD434A200ED8636 /* OnboardingViewController.swift */ = {isa = PBXFileReference; lastKnownFileType = sourcecode.swift; path = OnboardingViewController.swift; sourceTree = "<group>"; };
		3A1405F52AD435FC00ED8636 /* OnboardingElement.swift */ = {isa = PBXFileReference; lastKnownFileType = sourcecode.swift; path = OnboardingElement.swift; sourceTree = "<group>"; };
		3A1405F82AD43B8700ED8636 /* NotoSansJP-Regular.ttf */ = {isa = PBXFileReference; lastKnownFileType = file; path = "NotoSansJP-Regular.ttf"; sourceTree = "<group>"; };
		3A1405F92AD43B8700ED8636 /* NotoSansJP-Bold.ttf */ = {isa = PBXFileReference; lastKnownFileType = file; path = "NotoSansJP-Bold.ttf"; sourceTree = "<group>"; };
		3A1405FC2AD43C4100ED8636 /* Fonts.swift */ = {isa = PBXFileReference; fileEncoding = 4; lastKnownFileType = sourcecode.swift; path = Fonts.swift; sourceTree = "<group>"; };
		3A1405FF2AD43C5A00ED8636 /* CustomStyleLabel.swift */ = {isa = PBXFileReference; lastKnownFileType = sourcecode.swift; path = CustomStyleLabel.swift; sourceTree = "<group>"; };
		3A1406022AD43E2100ED8636 /* UIViewController+NavigationBar.swift */ = {isa = PBXFileReference; lastKnownFileType = sourcecode.swift; path = "UIViewController+NavigationBar.swift"; sourceTree = "<group>"; };
		3A1406062AD4440A00ED8636 /* AuthorizationViewController.swift */ = {isa = PBXFileReference; lastKnownFileType = sourcecode.swift; path = AuthorizationViewController.swift; sourceTree = "<group>"; };
		3A1406082AD450EA00ED8636 /* FilledButton.swift */ = {isa = PBXFileReference; lastKnownFileType = sourcecode.swift; path = FilledButton.swift; sourceTree = "<group>"; };
		3A14060A2AD4698600ED8636 /* GoogleButton.swift */ = {isa = PBXFileReference; lastKnownFileType = sourcecode.swift; path = GoogleButton.swift; sourceTree = "<group>"; };
		3A14060C2AD46CF300ED8636 /* NotoSansJP-Medium.ttf */ = {isa = PBXFileReference; lastKnownFileType = file; path = "NotoSansJP-Medium.ttf"; sourceTree = "<group>"; };
		3A14060F2AD473FA00ED8636 /* SignUpViewController.swift */ = {isa = PBXFileReference; lastKnownFileType = sourcecode.swift; path = SignUpViewController.swift; sourceTree = "<group>"; };
		3A1406112AD4753800ED8636 /* UIViewController+BackButton.swift */ = {isa = PBXFileReference; lastKnownFileType = sourcecode.swift; path = "UIViewController+BackButton.swift"; sourceTree = "<group>"; };
		3A1406132AD47BBD00ED8636 /* AuthorizationTextField.swift */ = {isa = PBXFileReference; lastKnownFileType = sourcecode.swift; path = AuthorizationTextField.swift; sourceTree = "<group>"; };
		3A14061B2AD4973100ED8636 /* CustomStyleSeparator.swift */ = {isa = PBXFileReference; lastKnownFileType = sourcecode.swift; path = CustomStyleSeparator.swift; sourceTree = "<group>"; };
		3A14061E2AD4AC3B00ED8636 /* VerificationViewController.swift */ = {isa = PBXFileReference; lastKnownFileType = sourcecode.swift; path = VerificationViewController.swift; sourceTree = "<group>"; };
		3A1406202AD4AD5900ED8636 /* UIViewController+TitleLogo.swift */ = {isa = PBXFileReference; lastKnownFileType = sourcecode.swift; path = "UIViewController+TitleLogo.swift"; sourceTree = "<group>"; };
		3A1406252AD54E1100ED8636 /* SuccessViewController.swift */ = {isa = PBXFileReference; lastKnownFileType = sourcecode.swift; path = SuccessViewController.swift; sourceTree = "<group>"; };
		3A14062E2AD57EFF00ED8636 /* MainTabBarController.swift */ = {isa = PBXFileReference; lastKnownFileType = sourcecode.swift; path = MainTabBarController.swift; sourceTree = "<group>"; };
		3A14067F2AD6ACBC00ED8636 /* PasswordTextField.swift */ = {isa = PBXFileReference; lastKnownFileType = sourcecode.swift; path = PasswordTextField.swift; sourceTree = "<group>"; };
		3A1406822AD6AEF800ED8636 /* ResetPasswordViewController.swift */ = {isa = PBXFileReference; lastKnownFileType = sourcecode.swift; path = ResetPasswordViewController.swift; sourceTree = "<group>"; };
		3A41C6222ADFE7E1007BCDD2 /* Event.swift */ = {isa = PBXFileReference; lastKnownFileType = sourcecode.swift; path = Event.swift; sourceTree = "<group>"; };
		3A41C6242ADFE7E6007BCDD2 /* Job.swift */ = {isa = PBXFileReference; lastKnownFileType = sourcecode.swift; path = Job.swift; sourceTree = "<group>"; };
		3A48E9E22AE92347005F18BF /* EventsMapViewController.swift */ = {isa = PBXFileReference; lastKnownFileType = sourcecode.swift; path = EventsMapViewController.swift; sourceTree = "<group>"; };
		3A48E9E62AE92CD7005F18BF /* SearchTextField.swift */ = {isa = PBXFileReference; lastKnownFileType = sourcecode.swift; path = SearchTextField.swift; sourceTree = "<group>"; };
		3A48E9E82AE933BF005F18BF /* UIViewController+TabBarHide.swift */ = {isa = PBXFileReference; lastKnownFileType = sourcecode.swift; path = "UIViewController+TabBarHide.swift"; sourceTree = "<group>"; };
		3A48E9EA2AE93956005F18BF /* UIViewController+SafeAreaHeight.swift */ = {isa = PBXFileReference; lastKnownFileType = sourcecode.swift; path = "UIViewController+SafeAreaHeight.swift"; sourceTree = "<group>"; };
		3A48E9EC2AE940E4005F18BF /* ApiKeys.swift */ = {isa = PBXFileReference; lastKnownFileType = sourcecode.swift; path = ApiKeys.swift; sourceTree = "<group>"; };
		3A4CB8592ADED0B900F4A1BF /* TabCoordinator.swift */ = {isa = PBXFileReference; lastKnownFileType = sourcecode.swift; path = TabCoordinator.swift; sourceTree = "<group>"; };
		3A4CB85B2ADED40300F4A1BF /* Coordinator.swift */ = {isa = PBXFileReference; lastKnownFileType = sourcecode.swift; path = Coordinator.swift; sourceTree = "<group>"; };
		3A4CB8602ADF11A500F4A1BF /* AppCoordinator.swift */ = {isa = PBXFileReference; lastKnownFileType = sourcecode.swift; path = AppCoordinator.swift; sourceTree = "<group>"; };
		3A4CB8622ADF195400F4A1BF /* StubViewController.swift */ = {isa = PBXFileReference; lastKnownFileType = sourcecode.swift; path = StubViewController.swift; sourceTree = "<group>"; };
		3A6D6E502AD81600003EE439 /* FillDataViewController.swift */ = {isa = PBXFileReference; lastKnownFileType = sourcecode.swift; path = FillDataViewController.swift; sourceTree = "<group>"; };
		3A6D6E522AD817B4003EE439 /* FillDataStep.swift */ = {isa = PBXFileReference; lastKnownFileType = sourcecode.swift; path = FillDataStep.swift; sourceTree = "<group>"; };
		3A6D6E542AD81C8C003EE439 /* AddressData.swift */ = {isa = PBXFileReference; lastKnownFileType = sourcecode.swift; path = AddressData.swift; sourceTree = "<group>"; };
		3A6D6E562AD84714003EE439 /* AddressDataCell.swift */ = {isa = PBXFileReference; lastKnownFileType = sourcecode.swift; path = AddressDataCell.swift; sourceTree = "<group>"; };
		3A6D6E5A2AD95427003EE439 /* SettingsManager.swift */ = {isa = PBXFileReference; lastKnownFileType = sourcecode.swift; path = SettingsManager.swift; sourceTree = "<group>"; };
		3A6D6E5C2AD9663D003EE439 /* UIViewController+Photos.swift */ = {isa = PBXFileReference; lastKnownFileType = sourcecode.swift; path = "UIViewController+Photos.swift"; sourceTree = "<group>"; };
		3A6D6E5E2AD9667C003EE439 /* UIViewController+BlurLoader.swift */ = {isa = PBXFileReference; lastKnownFileType = sourcecode.swift; path = "UIViewController+BlurLoader.swift"; sourceTree = "<group>"; };
		3A6D6E652AD9684B003EE439 /* en */ = {isa = PBXFileReference; lastKnownFileType = text.plist.strings; name = en; path = en.lproj/InfoPlist.strings; sourceTree = "<group>"; };
		3A6D6E672AD9684F003EE439 /* en-GB */ = {isa = PBXFileReference; lastKnownFileType = text.plist.strings; name = "en-GB"; path = "en-GB.lproj/InfoPlist.strings"; sourceTree = "<group>"; };
		3A6D6E682AD968D7003EE439 /* RoundImageView.swift */ = {isa = PBXFileReference; lastKnownFileType = sourcecode.swift; path = RoundImageView.swift; sourceTree = "<group>"; };
		3A6D6E6C2AD97937003EE439 /* SelectionViewController.swift */ = {isa = PBXFileReference; lastKnownFileType = sourcecode.swift; path = SelectionViewController.swift; sourceTree = "<group>"; };
		3A6D6E6E2AD97B8B003EE439 /* SelectionType.swift */ = {isa = PBXFileReference; lastKnownFileType = sourcecode.swift; path = SelectionType.swift; sourceTree = "<group>"; };
		3A6D6E702AD97B95003EE439 /* City.swift */ = {isa = PBXFileReference; lastKnownFileType = sourcecode.swift; path = City.swift; sourceTree = "<group>"; };
		3A6D6E722AD97B99003EE439 /* Country.swift */ = {isa = PBXFileReference; lastKnownFileType = sourcecode.swift; path = Country.swift; sourceTree = "<group>"; };
		3A6D6E742AD98048003EE439 /* Selectable.swift */ = {isa = PBXFileReference; lastKnownFileType = sourcecode.swift; path = Selectable.swift; sourceTree = "<group>"; };
		3A6D6E762AD98527003EE439 /* SelectionCell.swift */ = {isa = PBXFileReference; lastKnownFileType = sourcecode.swift; path = SelectionCell.swift; sourceTree = "<group>"; };
		3A6D6E782AD98B3D003EE439 /* UserData.swift */ = {isa = PBXFileReference; lastKnownFileType = sourcecode.swift; path = UserData.swift; sourceTree = "<group>"; };
		3A6D6E892AD9A06A003EE439 /* VerificationType.swift */ = {isa = PBXFileReference; lastKnownFileType = sourcecode.swift; path = VerificationType.swift; sourceTree = "<group>"; };
		3A6D6E932AD9AF44003EE439 /* LoginViewController.swift */ = {isa = PBXFileReference; lastKnownFileType = sourcecode.swift; path = LoginViewController.swift; sourceTree = "<group>"; };
		3A6D6E962AD9B026003EE439 /* ForgotPasswordViewController.swift */ = {isa = PBXFileReference; lastKnownFileType = sourcecode.swift; path = ForgotPasswordViewController.swift; sourceTree = "<group>"; };
		3AB0B3432ADD506D00F79316 /* MainTab.swift */ = {isa = PBXFileReference; lastKnownFileType = sourcecode.swift; path = MainTab.swift; sourceTree = "<group>"; };
		3AB0B3462ADD60D500F79316 /* HomeViewController.swift */ = {isa = PBXFileReference; lastKnownFileType = sourcecode.swift; path = HomeViewController.swift; sourceTree = "<group>"; };
		3AB0B3492ADD610F00F79316 /* EventsViewController.swift */ = {isa = PBXFileReference; lastKnownFileType = sourcecode.swift; path = EventsViewController.swift; sourceTree = "<group>"; };
		3AB0B34C2ADD613100F79316 /* SearchViewController.swift */ = {isa = PBXFileReference; lastKnownFileType = sourcecode.swift; path = SearchViewController.swift; sourceTree = "<group>"; };
		3AB0B34F2ADD614A00F79316 /* JobsViewController.swift */ = {isa = PBXFileReference; lastKnownFileType = sourcecode.swift; path = JobsViewController.swift; sourceTree = "<group>"; };
		3AB0B3522ADD616000F79316 /* ProfileViewController.swift */ = {isa = PBXFileReference; lastKnownFileType = sourcecode.swift; path = ProfileViewController.swift; sourceTree = "<group>"; };
		3AD203432AE7DB56005169C2 /* EventCell.swift */ = {isa = PBXFileReference; lastKnownFileType = sourcecode.swift; path = EventCell.swift; sourceTree = "<group>"; };
		3AD203452AE7DC3C005169C2 /* Array+SafeElement.swift */ = {isa = PBXFileReference; lastKnownFileType = sourcecode.swift; path = "Array+SafeElement.swift"; sourceTree = "<group>"; };
		3AD203482AE7ED2C005169C2 /* EventVeiwController.swift */ = {isa = PBXFileReference; lastKnownFileType = sourcecode.swift; path = EventVeiwController.swift; sourceTree = "<group>"; };
		3AD2034A2AE80CF1005169C2 /* UIView+FadeInFeedback.swift */ = {isa = PBXFileReference; lastKnownFileType = sourcecode.swift; path = "UIView+FadeInFeedback.swift"; sourceTree = "<group>"; };
		3AD2034C2AE83937005169C2 /* PinFieldView.swift */ = {isa = PBXFileReference; lastKnownFileType = sourcecode.swift; path = PinFieldView.swift; sourceTree = "<group>"; };
		3AD698E92AE01F3900657B16 /* HomeViewHeader.swift */ = {isa = PBXFileReference; lastKnownFileType = sourcecode.swift; path = HomeViewHeader.swift; sourceTree = "<group>"; };
		3AD698EB2AE0230900657B16 /* HomeEventCell.swift */ = {isa = PBXFileReference; lastKnownFileType = sourcecode.swift; path = HomeEventCell.swift; sourceTree = "<group>"; };
		3AD698ED2AE0280900657B16 /* SmallActionButton.swift */ = {isa = PBXFileReference; lastKnownFileType = sourcecode.swift; path = SmallActionButton.swift; sourceTree = "<group>"; };
		3AD698F12AE03EFB00657B16 /* HomeJobCell.swift */ = {isa = PBXFileReference; lastKnownFileType = sourcecode.swift; path = HomeJobCell.swift; sourceTree = "<group>"; };
		3AD698F32AE0479500657B16 /* TagView.swift */ = {isa = PBXFileReference; lastKnownFileType = sourcecode.swift; path = TagView.swift; sourceTree = "<group>"; };
		455B79B4F3C12926D88BA0D6 /* Pods-AMSI.debug.xcconfig */ = {isa = PBXFileReference; includeInIndex = 1; lastKnownFileType = text.xcconfig; name = "Pods-AMSI.debug.xcconfig"; path = "Target Support Files/Pods-AMSI/Pods-AMSI.debug.xcconfig"; sourceTree = "<group>"; };
		A8FD6483B4BF7D69DD415A29 /* Pods_AMSI.framework */ = {isa = PBXFileReference; explicitFileType = wrapper.framework; includeInIndex = 0; path = Pods_AMSI.framework; sourceTree = BUILT_PRODUCTS_DIR; };
/* End PBXFileReference section */

/* Begin PBXFrameworksBuildPhase section */
		3A1405B92AD4261F00ED8636 /* Frameworks */ = {
			isa = PBXFrameworksBuildPhase;
			buildActionMask = 2147483647;
			files = (
				C914316813465A346FCDDDDA /* Pods_AMSI.framework in Frameworks */,
				3A683F8A2AE949460001ADD2 /* SnapKit in Frameworks */,
			);
			runOnlyForDeploymentPostprocessing = 0;
		};
/* End PBXFrameworksBuildPhase section */

/* Begin PBXGroup section */
		3A1405B32AD4261F00ED8636 = {
			isa = PBXGroup;
			children = (
				3A1405BE2AD4261F00ED8636 /* AMSI */,
				3A1405BD2AD4261F00ED8636 /* Products */,
				56DDFD038306E227261C022B /* Pods */,
				648A6028437B2DB4301066FF /* Frameworks */,
			);
			sourceTree = "<group>";
		};
		3A1405BD2AD4261F00ED8636 /* Products */ = {
			isa = PBXGroup;
			children = (
				3A1405BC2AD4261F00ED8636 /* AMSI.app */,
			);
			name = Products;
			sourceTree = "<group>";
		};
		3A1405BE2AD4261F00ED8636 /* AMSI */ = {
			isa = PBXGroup;
			children = (
				3A1406042AD443D200ED8636 /* Presentation */,
				3A6D6E582AD9540F003EE439 /* Services */,
				3A1405E92AD4300400ED8636 /* Shared */,
				3A1405D72AD426A700ED8636 /* Generated */,
				3A1405D62AD4268D00ED8636 /* Resources */,
				3A1405D32AD4266E00ED8636 /* SupportingFiles */,
			);
			path = AMSI;
			sourceTree = "<group>";
		};
		3A1405D32AD4266E00ED8636 /* SupportingFiles */ = {
			isa = PBXGroup;
			children = (
				3A48E9EC2AE940E4005F18BF /* ApiKeys.swift */,
				3A1405CA2AD4262000ED8636 /* LaunchScreen.storyboard */,
				3A1405CD2AD4262000ED8636 /* Info.plist */,
			);
			name = SupportingFiles;
			sourceTree = "<group>";
		};
		3A1405D62AD4268D00ED8636 /* Resources */ = {
			isa = PBXGroup;
			children = (
				3A1405D82AD426EF00ED8636 /* Assets */,
				3A1405D92AD426FF00ED8636 /* LocalizedStrings */,
				3A1405F72AD43B4D00ED8636 /* Fonts */,
			);
			path = Resources;
			sourceTree = "<group>";
		};
		3A1405D72AD426A700ED8636 /* Generated */ = {
			isa = PBXGroup;
			children = (
				3A1405FC2AD43C4100ED8636 /* Fonts.swift */,
				3A1405E32AD42DA900ED8636 /* Assets.swift */,
				3A1405E22AD42DA900ED8636 /* LocalizedStrings.swift */,
			);
			path = Generated;
			sourceTree = "<group>";
		};
		3A1405D82AD426EF00ED8636 /* Assets */ = {
			isa = PBXGroup;
			children = (
				3A1405C82AD4262000ED8636 /* Assets.xcassets */,
			);
			path = Assets;
			sourceTree = "<group>";
		};
		3A1405D92AD426FF00ED8636 /* LocalizedStrings */ = {
			isa = PBXGroup;
			children = (
				3A1405E02AD42CE000ED8636 /* Localizable.strings */,
				3A6D6E662AD9684B003EE439 /* InfoPlist.strings */,
			);
			path = LocalizedStrings;
			sourceTree = "<group>";
		};
		3A1405E92AD4300400ED8636 /* Shared */ = {
			isa = PBXGroup;
			children = (
				3A1406012AD43E1200ED8636 /* Extensions */,
				3A1405EA2AD4300B00ED8636 /* Protocols */,
			);
			path = Shared;
			sourceTree = "<group>";
		};
		3A1405EA2AD4300B00ED8636 /* Protocols */ = {
			isa = PBXGroup;
			children = (
				3A6D6E742AD98048003EE439 /* Selectable.swift */,
				3A1405EB2AD4301900ED8636 /* Applyable.swift */,
				3A1405ED2AD4302900ED8636 /* ReuseIdentifier.swift */,
			);
			path = Protocols;
			sourceTree = "<group>";
		};
		3A1405F32AD435E900ED8636 /* Splash */ = {
			isa = PBXGroup;
			children = (
				3A6D6E7E2AD99E98003EE439 /* Views */,
			);
			path = Splash;
			sourceTree = "<group>";
		};
		3A1405F42AD435F100ED8636 /* Onboarding */ = {
			isa = PBXGroup;
			children = (
				3A6D6E7C2AD99E88003EE439 /* Models */,
				3A6D6E7D2AD99E8E003EE439 /* Views */,
			);
			path = Onboarding;
			sourceTree = "<group>";
		};
		3A1405F72AD43B4D00ED8636 /* Fonts */ = {
			isa = PBXGroup;
			children = (
				3A14060C2AD46CF300ED8636 /* NotoSansJP-Medium.ttf */,
				3A1405F92AD43B8700ED8636 /* NotoSansJP-Bold.ttf */,
				3A1405F82AD43B8700ED8636 /* NotoSansJP-Regular.ttf */,
			);
			path = Fonts;
			sourceTree = "<group>";
		};
		3A1405FE2AD43C5200ED8636 /* Views */ = {
			isa = PBXGroup;
			children = (
				3A1405FF2AD43C5A00ED8636 /* CustomStyleLabel.swift */,
				3A1406082AD450EA00ED8636 /* FilledButton.swift */,
				3A14060A2AD4698600ED8636 /* GoogleButton.swift */,
				3A1406132AD47BBD00ED8636 /* AuthorizationTextField.swift */,
				3A14067F2AD6ACBC00ED8636 /* PasswordTextField.swift */,
				3A14061B2AD4973100ED8636 /* CustomStyleSeparator.swift */,
				3A6D6E682AD968D7003EE439 /* RoundImageView.swift */,
				3A4CB8622ADF195400F4A1BF /* StubViewController.swift */,
				3AD698ED2AE0280900657B16 /* SmallActionButton.swift */,
				3AD698F32AE0479500657B16 /* TagView.swift */,
				3AD2034C2AE83937005169C2 /* PinFieldView.swift */,
				3A48E9E62AE92CD7005F18BF /* SearchTextField.swift */,
			);
			path = Views;
			sourceTree = "<group>";
		};
		3A1406012AD43E1200ED8636 /* Extensions */ = {
			isa = PBXGroup;
			children = (
				3A1406022AD43E2100ED8636 /* UIViewController+NavigationBar.swift */,
				3A1406112AD4753800ED8636 /* UIViewController+BackButton.swift */,
				3A1406202AD4AD5900ED8636 /* UIViewController+TitleLogo.swift */,
				3A6D6E5C2AD9663D003EE439 /* UIViewController+Photos.swift */,
				3A6D6E5E2AD9667C003EE439 /* UIViewController+BlurLoader.swift */,
				3A48E9E82AE933BF005F18BF /* UIViewController+TabBarHide.swift */,
				3AD203452AE7DC3C005169C2 /* Array+SafeElement.swift */,
				3AD2034A2AE80CF1005169C2 /* UIView+FadeInFeedback.swift */,
				3A48E9EA2AE93956005F18BF /* UIViewController+SafeAreaHeight.swift */,
			);
			path = Extensions;
			sourceTree = "<group>";
		};
		3A1406042AD443D200ED8636 /* Presentation */ = {
			isa = PBXGroup;
			children = (
				3A1405BF2AD4261F00ED8636 /* AppDelegate.swift */,
				3A4CB8642ADFD6D700F4A1BF /* Coordinators */,
				3A4CB85E2ADED71F00F4A1BF /* AuthorizationScene */,
				3A4CB85D2ADED70000F4A1BF /* MainScene */,
				3A4CB85F2ADED73D00F4A1BF /* Shared */,
			);
			path = Presentation;
			sourceTree = "<group>";
		};
		3A1406052AD443E800ED8636 /* Authorization */ = {
			isa = PBXGroup;
			children = (
				3A6D6E7F2AD99E9D003EE439 /* Views */,
			);
			path = Authorization;
			sourceTree = "<group>";
		};
		3A14060E2AD473EA00ED8636 /* SignUp */ = {
			isa = PBXGroup;
			children = (
				3A6D6E802AD99EA1003EE439 /* Views */,
			);
			path = SignUp;
			sourceTree = "<group>";
		};
		3A14061D2AD4AC2B00ED8636 /* Verification */ = {
			isa = PBXGroup;
			children = (
				3A6D6E812AD99EA7003EE439 /* Views */,
			);
			path = Verification;
			sourceTree = "<group>";
		};
		3A1406272AD54E1500ED8636 /* Success */ = {
			isa = PBXGroup;
			children = (
				3A6D6E8B2AD9A070003EE439 /* Models */,
				3A6D6E822AD99EAB003EE439 /* Views */,
			);
			path = Success;
			sourceTree = "<group>";
		};
		3A1406282AD5624800ED8636 /* Login */ = {
			isa = PBXGroup;
			children = (
				3A6D6E832AD99EB0003EE439 /* Views */,
			);
			path = Login;
			sourceTree = "<group>";
		};
		3A14062C2AD57EE700ED8636 /* MainTabs */ = {
			isa = PBXGroup;
			children = (
				3AB0B3422ADD505F00F79316 /* Models */,
				3A6D6E862AD99EBF003EE439 /* Veiws */,
			);
			path = MainTabs;
			sourceTree = "<group>";
		};
		3A1406812AD6AEE500ED8636 /* ResetPassword */ = {
			isa = PBXGroup;
			children = (
				3A6D6E852AD99EB9003EE439 /* Views */,
			);
			path = ResetPassword;
			sourceTree = "<group>";
		};
		3A1406842AD6B82400ED8636 /* ForgotPassword */ = {
			isa = PBXGroup;
			children = (
				3A6D6E952AD9B01B003EE439 /* Views */,
			);
			path = ForgotPassword;
			sourceTree = "<group>";
		};
		3A48E9E02AE921F6005F18BF /* Events */ = {
			isa = PBXGroup;
			children = (
				3AB0B3492ADD610F00F79316 /* EventsViewController.swift */,
				3AD203432AE7DB56005169C2 /* EventCell.swift */,
			);
			path = Events;
			sourceTree = "<group>";
		};
		3A48E9E12AE92334005F18BF /* EventsMap */ = {
			isa = PBXGroup;
			children = (
				3A48E9E22AE92347005F18BF /* EventsMapViewController.swift */,
			);
			path = EventsMap;
			sourceTree = "<group>";
		};
		3A4CB85D2ADED70000F4A1BF /* MainScene */ = {
			isa = PBXGroup;
			children = (
				3A6D6E4F2AD80A74003EE439 /* FillData */,
				3A14062C2AD57EE700ED8636 /* MainTabs */,
				3AB0B3452ADD60C100F79316 /* HomeTab */,
				3AB0B3482ADD610400F79316 /* EventsTab */,
				3AB0B34B2ADD612600F79316 /* SearchTab */,
				3AB0B34E2ADD614100F79316 /* JobsTab */,
				3AB0B3512ADD615600F79316 /* ProfileTab */,
			);
			path = MainScene;
			sourceTree = "<group>";
		};
		3A4CB85E2ADED71F00F4A1BF /* AuthorizationScene */ = {
			isa = PBXGroup;
			children = (
				3A1405F32AD435E900ED8636 /* Splash */,
				3A1405F42AD435F100ED8636 /* Onboarding */,
				3A1406052AD443E800ED8636 /* Authorization */,
				3A14060E2AD473EA00ED8636 /* SignUp */,
				3A14061D2AD4AC2B00ED8636 /* Verification */,
				3A1406272AD54E1500ED8636 /* Success */,
				3A1406282AD5624800ED8636 /* Login */,
				3A1406842AD6B82400ED8636 /* ForgotPassword */,
				3A1406812AD6AEE500ED8636 /* ResetPassword */,
			);
			path = AuthorizationScene;
			sourceTree = "<group>";
		};
		3A4CB85F2ADED73D00F4A1BF /* Shared */ = {
			isa = PBXGroup;
			children = (
				3A1405FE2AD43C5200ED8636 /* Views */,
				3A6D6E6A2AD97902003EE439 /* Selection */,
			);
			path = Shared;
			sourceTree = "<group>";
		};
		3A4CB8642ADFD6D700F4A1BF /* Coordinators */ = {
			isa = PBXGroup;
			children = (
				3A4CB85B2ADED40300F4A1BF /* Coordinator.swift */,
				3A4CB8602ADF11A500F4A1BF /* AppCoordinator.swift */,
				3A1405EF2AD4340100ED8636 /* AuthCoordinator.swift */,
				3A4CB8592ADED0B900F4A1BF /* TabCoordinator.swift */,
			);
			path = Coordinators;
			sourceTree = "<group>";
		};
		3A6D6E4F2AD80A74003EE439 /* FillData */ = {
			isa = PBXGroup;
			children = (
				3A6D6E882AD99ED9003EE439 /* Models */,
				3A6D6E872AD99ED3003EE439 /* Views */,
			);
			path = FillData;
			sourceTree = "<group>";
		};
		3A6D6E582AD9540F003EE439 /* Services */ = {
			isa = PBXGroup;
			children = (
				3A6D6E5A2AD95427003EE439 /* SettingsManager.swift */,
			);
			path = Services;
			sourceTree = "<group>";
		};
		3A6D6E6A2AD97902003EE439 /* Selection */ = {
			isa = PBXGroup;
			children = (
				3A6D6E7B2AD99E73003EE439 /* Models */,
				3A6D6E7A2AD99E69003EE439 /* Views */,
			);
			path = Selection;
			sourceTree = "<group>";
		};
		3A6D6E7A2AD99E69003EE439 /* Views */ = {
			isa = PBXGroup;
			children = (
				3A6D6E6C2AD97937003EE439 /* SelectionViewController.swift */,
				3A6D6E762AD98527003EE439 /* SelectionCell.swift */,
			);
			path = Views;
			sourceTree = "<group>";
		};
		3A6D6E7B2AD99E73003EE439 /* Models */ = {
			isa = PBXGroup;
			children = (
				3A6D6E6E2AD97B8B003EE439 /* SelectionType.swift */,
				3A6D6E702AD97B95003EE439 /* City.swift */,
				3A6D6E722AD97B99003EE439 /* Country.swift */,
			);
			path = Models;
			sourceTree = "<group>";
		};
		3A6D6E7C2AD99E88003EE439 /* Models */ = {
			isa = PBXGroup;
			children = (
				3A1405F52AD435FC00ED8636 /* OnboardingElement.swift */,
			);
			path = Models;
			sourceTree = "<group>";
		};
		3A6D6E7D2AD99E8E003EE439 /* Views */ = {
			isa = PBXGroup;
			children = (
				3A1405F12AD434A200ED8636 /* OnboardingViewController.swift */,
			);
			path = Views;
			sourceTree = "<group>";
		};
		3A6D6E7E2AD99E98003EE439 /* Views */ = {
			isa = PBXGroup;
			children = (
				3A1405C32AD4261F00ED8636 /* SplashViewController.swift */,
			);
			path = Views;
			sourceTree = "<group>";
		};
		3A6D6E7F2AD99E9D003EE439 /* Views */ = {
			isa = PBXGroup;
			children = (
				3A1406062AD4440A00ED8636 /* AuthorizationViewController.swift */,
			);
			path = Views;
			sourceTree = "<group>";
		};
		3A6D6E802AD99EA1003EE439 /* Views */ = {
			isa = PBXGroup;
			children = (
				3A14060F2AD473FA00ED8636 /* SignUpViewController.swift */,
			);
			path = Views;
			sourceTree = "<group>";
		};
		3A6D6E812AD99EA7003EE439 /* Views */ = {
			isa = PBXGroup;
			children = (
				3A14061E2AD4AC3B00ED8636 /* VerificationViewController.swift */,
			);
			path = Views;
			sourceTree = "<group>";
		};
		3A6D6E822AD99EAB003EE439 /* Views */ = {
			isa = PBXGroup;
			children = (
				3A1406252AD54E1100ED8636 /* SuccessViewController.swift */,
			);
			path = Views;
			sourceTree = "<group>";
		};
		3A6D6E832AD99EB0003EE439 /* Views */ = {
			isa = PBXGroup;
			children = (
				3A6D6E932AD9AF44003EE439 /* LoginViewController.swift */,
			);
			path = Views;
			sourceTree = "<group>";
		};
		3A6D6E852AD99EB9003EE439 /* Views */ = {
			isa = PBXGroup;
			children = (
				3A1406822AD6AEF800ED8636 /* ResetPasswordViewController.swift */,
			);
			path = Views;
			sourceTree = "<group>";
		};
		3A6D6E862AD99EBF003EE439 /* Veiws */ = {
			isa = PBXGroup;
			children = (
				3A14062E2AD57EFF00ED8636 /* MainTabBarController.swift */,
			);
			path = Veiws;
			sourceTree = "<group>";
		};
		3A6D6E872AD99ED3003EE439 /* Views */ = {
			isa = PBXGroup;
			children = (
				3A6D6E502AD81600003EE439 /* FillDataViewController.swift */,
				3A6D6E562AD84714003EE439 /* AddressDataCell.swift */,
			);
			path = Views;
			sourceTree = "<group>";
		};
		3A6D6E882AD99ED9003EE439 /* Models */ = {
			isa = PBXGroup;
			children = (
				3A6D6E522AD817B4003EE439 /* FillDataStep.swift */,
				3A6D6E542AD81C8C003EE439 /* AddressData.swift */,
				3A6D6E782AD98B3D003EE439 /* UserData.swift */,
			);
			path = Models;
			sourceTree = "<group>";
		};
		3A6D6E8B2AD9A070003EE439 /* Models */ = {
			isa = PBXGroup;
			children = (
				3A6D6E892AD9A06A003EE439 /* VerificationType.swift */,
			);
			path = Models;
			sourceTree = "<group>";
		};
		3A6D6E952AD9B01B003EE439 /* Views */ = {
			isa = PBXGroup;
			children = (
				3A6D6E962AD9B026003EE439 /* ForgotPasswordViewController.swift */,
			);
			path = Views;
			sourceTree = "<group>";
		};
		3AB0B3422ADD505F00F79316 /* Models */ = {
			isa = PBXGroup;
			children = (
				3AB0B3432ADD506D00F79316 /* MainTab.swift */,
			);
			path = Models;
			sourceTree = "<group>";
		};
		3AB0B3452ADD60C100F79316 /* HomeTab */ = {
			isa = PBXGroup;
			children = (
				3AD698F52AE04B9C00657B16 /* Models */,
				3AD698F62AE04BA900657B16 /* Views */,
			);
			path = HomeTab;
			sourceTree = "<group>";
		};
		3AB0B3482ADD610400F79316 /* EventsTab */ = {
			isa = PBXGroup;
			children = (
				3A48E9E02AE921F6005F18BF /* Events */,
				3AD203472AE7ECAF005169C2 /* Event */,
				3A48E9E12AE92334005F18BF /* EventsMap */,
			);
			path = EventsTab;
			sourceTree = "<group>";
		};
		3AB0B34B2ADD612600F79316 /* SearchTab */ = {
			isa = PBXGroup;
			children = (
				3AB0B34C2ADD613100F79316 /* SearchViewController.swift */,
			);
			path = SearchTab;
			sourceTree = "<group>";
		};
		3AB0B34E2ADD614100F79316 /* JobsTab */ = {
			isa = PBXGroup;
			children = (
				3AB0B34F2ADD614A00F79316 /* JobsViewController.swift */,
			);
			path = JobsTab;
			sourceTree = "<group>";
		};
		3AB0B3512ADD615600F79316 /* ProfileTab */ = {
			isa = PBXGroup;
			children = (
				3AB0B3522ADD616000F79316 /* ProfileViewController.swift */,
			);
			path = ProfileTab;
			sourceTree = "<group>";
		};
		3AD203472AE7ECAF005169C2 /* Event */ = {
			isa = PBXGroup;
			children = (
				3AD203482AE7ED2C005169C2 /* EventVeiwController.swift */,
			);
			path = Event;
			sourceTree = "<group>";
		};
		3AD698F52AE04B9C00657B16 /* Models */ = {
			isa = PBXGroup;
			children = (
				3A41C6222ADFE7E1007BCDD2 /* Event.swift */,
				3A41C6242ADFE7E6007BCDD2 /* Job.swift */,
			);
			path = Models;
			sourceTree = "<group>";
		};
		3AD698F62AE04BA900657B16 /* Views */ = {
			isa = PBXGroup;
			children = (
				3AB0B3462ADD60D500F79316 /* HomeViewController.swift */,
				3AD698E92AE01F3900657B16 /* HomeViewHeader.swift */,
				3AD698F72AE04BAF00657B16 /* Cells */,
			);
			path = Views;
			sourceTree = "<group>";
		};
		3AD698F72AE04BAF00657B16 /* Cells */ = {
			isa = PBXGroup;
			children = (
				3AD698EB2AE0230900657B16 /* HomeEventCell.swift */,
				3AD698F12AE03EFB00657B16 /* HomeJobCell.swift */,
			);
			path = Cells;
			sourceTree = "<group>";
		};
		56DDFD038306E227261C022B /* Pods */ = {
			isa = PBXGroup;
			children = (
				455B79B4F3C12926D88BA0D6 /* Pods-AMSI.debug.xcconfig */,
				3640F178569B80210995DB0E /* Pods-AMSI.release.xcconfig */,
			);
			path = Pods;
			sourceTree = "<group>";
		};
		648A6028437B2DB4301066FF /* Frameworks */ = {
			isa = PBXGroup;
			children = (
				A8FD6483B4BF7D69DD415A29 /* Pods_AMSI.framework */,
			);
			name = Frameworks;
			sourceTree = "<group>";
		};
/* End PBXGroup section */

/* Begin PBXNativeTarget section */
		3A1405BB2AD4261F00ED8636 /* AMSI */ = {
			isa = PBXNativeTarget;
			buildConfigurationList = 3A1405D02AD4262000ED8636 /* Build configuration list for PBXNativeTarget "AMSI" */;
			buildPhases = (
				0B57CC25E57DB5EFFA9F35E1 /* [CP] Check Pods Manifest.lock */,
				3A39307D2AE07EA2004CB6C9 /* SwiftLint */,
				3A1405DD2AD4283300ED8636 /* SwiftGen */,
				3A1405B82AD4261F00ED8636 /* Sources */,
				3A1405B92AD4261F00ED8636 /* Frameworks */,
				3A1405BA2AD4261F00ED8636 /* Resources */,
				00FF3553232E34817EFE283D /* [CP] Copy Pods Resources */,
			);
			buildRules = (
			);
			dependencies = (
			);
			name = AMSI;
			packageProductDependencies = (
				3A683F892AE949460001ADD2 /* SnapKit */,
			);
			productName = AMSI;
			productReference = 3A1405BC2AD4261F00ED8636 /* AMSI.app */;
			productType = "com.apple.product-type.application";
		};
/* End PBXNativeTarget section */

/* Begin PBXProject section */
		3A1405B42AD4261F00ED8636 /* Project object */ = {
			isa = PBXProject;
			attributes = {
				BuildIndependentTargetsInParallel = 1;
				LastSwiftUpdateCheck = 1420;
				LastUpgradeCheck = 1420;
				TargetAttributes = {
					3A1405BB2AD4261F00ED8636 = {
						CreatedOnToolsVersion = 14.2;
					};
				};
			};
			buildConfigurationList = 3A1405B72AD4261F00ED8636 /* Build configuration list for PBXProject "AMSI" */;
			compatibilityVersion = "Xcode 14.0";
			developmentRegion = en;
			hasScannedForEncodings = 0;
			knownRegions = (
				en,
				Base,
				"en-GB",
			);
			mainGroup = 3A1405B32AD4261F00ED8636;
			packageReferences = (
				3A683F882AE949460001ADD2 /* XCRemoteSwiftPackageReference "SnapKit" */,
			);
			productRefGroup = 3A1405BD2AD4261F00ED8636 /* Products */;
			projectDirPath = "";
			projectRoot = "";
			targets = (
				3A1405BB2AD4261F00ED8636 /* AMSI */,
			);
		};
/* End PBXProject section */

/* Begin PBXResourcesBuildPhase section */
		3A1405BA2AD4261F00ED8636 /* Resources */ = {
			isa = PBXResourcesBuildPhase;
			buildActionMask = 2147483647;
			files = (
				3A14060D2AD46CF300ED8636 /* NotoSansJP-Medium.ttf in Resources */,
				3A6D6E642AD9684B003EE439 /* InfoPlist.strings in Resources */,
				3A1405FA2AD43B8700ED8636 /* NotoSansJP-Regular.ttf in Resources */,
				3A1405CC2AD4262000ED8636 /* LaunchScreen.storyboard in Resources */,
				3A1405FB2AD43B8700ED8636 /* NotoSansJP-Bold.ttf in Resources */,
				3A1405DE2AD42CE000ED8636 /* Localizable.strings in Resources */,
				3A1405C92AD4262000ED8636 /* Assets.xcassets in Resources */,
			);
			runOnlyForDeploymentPostprocessing = 0;
		};
/* End PBXResourcesBuildPhase section */

/* Begin PBXShellScriptBuildPhase section */
		00FF3553232E34817EFE283D /* [CP] Copy Pods Resources */ = {
			isa = PBXShellScriptBuildPhase;
			buildActionMask = 2147483647;
			files = (
			);
			inputFileListPaths = (
				"${PODS_ROOT}/Target Support Files/Pods-AMSI/Pods-AMSI-resources-${CONFIGURATION}-input-files.xcfilelist",
			);
			name = "[CP] Copy Pods Resources";
			outputFileListPaths = (
				"${PODS_ROOT}/Target Support Files/Pods-AMSI/Pods-AMSI-resources-${CONFIGURATION}-output-files.xcfilelist",
			);
			runOnlyForDeploymentPostprocessing = 0;
			shellPath = /bin/sh;
			shellScript = "\"${PODS_ROOT}/Target Support Files/Pods-AMSI/Pods-AMSI-resources.sh\"\n";
			showEnvVarsInLog = 0;
		};
		0B57CC25E57DB5EFFA9F35E1 /* [CP] Check Pods Manifest.lock */ = {
			isa = PBXShellScriptBuildPhase;
			buildActionMask = 2147483647;
			files = (
			);
			inputFileListPaths = (
			);
			inputPaths = (
				"${PODS_PODFILE_DIR_PATH}/Podfile.lock",
				"${PODS_ROOT}/Manifest.lock",
			);
			name = "[CP] Check Pods Manifest.lock";
			outputFileListPaths = (
			);
			outputPaths = (
				"$(DERIVED_FILE_DIR)/Pods-AMSI-checkManifestLockResult.txt",
			);
			runOnlyForDeploymentPostprocessing = 0;
			shellPath = /bin/sh;
			shellScript = "diff \"${PODS_PODFILE_DIR_PATH}/Podfile.lock\" \"${PODS_ROOT}/Manifest.lock\" > /dev/null\nif [ $? != 0 ] ; then\n    # print error to STDERR\n    echo \"error: The sandbox is not in sync with the Podfile.lock. Run 'pod install' or update your CocoaPods installation.\" >&2\n    exit 1\nfi\n# This output is used by Xcode 'outputs' to avoid re-running this script phase.\necho \"SUCCESS\" > \"${SCRIPT_OUTPUT_FILE_0}\"\n";
			showEnvVarsInLog = 0;
		};
		3A1405DD2AD4283300ED8636 /* SwiftGen */ = {
			isa = PBXShellScriptBuildPhase;
			alwaysOutOfDate = 1;
			buildActionMask = 2147483647;
			files = (
			);
			inputFileListPaths = (
			);
			inputPaths = (
			);
			name = SwiftGen;
			outputFileListPaths = (
			);
			outputPaths = (
			);
			runOnlyForDeploymentPostprocessing = 0;
			shellPath = /bin/sh;
			shellScript = "if [ -x /opt/homebrew/bin/swiftgen ]; then\n  /opt/homebrew/bin/swiftgen\nelse\n  echo \"warning: SwiftGen not installed, download it from https://github.com/SwiftGen/SwiftGen\"\nfi\n";
		};
		3A39307D2AE07EA2004CB6C9 /* SwiftLint */ = {
			isa = PBXShellScriptBuildPhase;
			buildActionMask = 2147483647;
			files = (
			);
			inputFileListPaths = (
			);
			inputPaths = (
			);
			name = SwiftLint;
			outputFileListPaths = (
			);
			outputPaths = (
			);
			runOnlyForDeploymentPostprocessing = 0;
			shellPath = /bin/sh;
			shellScript = "export PATH=\"$PATH:/opt/homebrew/bin\"\n\nif which swiftlint >/dev/null; then\n  swiftlint\nelse\n  echo \"warning: SwiftLint not installed, download from https://github.com/realm/SwiftLint\"\nfi\n";
		};
/* End PBXShellScriptBuildPhase section */

/* Begin PBXSourcesBuildPhase section */
		3A1405B82AD4261F00ED8636 /* Sources */ = {
			isa = PBXSourcesBuildPhase;
			buildActionMask = 2147483647;
			files = (
				3A6D6E552AD81C8C003EE439 /* AddressData.swift in Sources */,
				3AD203462AE7DC3C005169C2 /* Array+SafeElement.swift in Sources */,
				3A1406212AD4AD5900ED8636 /* UIViewController+TitleLogo.swift in Sources */,
				3A14061C2AD4973100ED8636 /* CustomStyleSeparator.swift in Sources */,
				3A1405C42AD4261F00ED8636 /* SplashViewController.swift in Sources */,
				3A6D6E732AD97B99003EE439 /* Country.swift in Sources */,
				3AD2034B2AE80CF1005169C2 /* UIView+FadeInFeedback.swift in Sources */,
				3AB0B3472ADD60D500F79316 /* HomeViewController.swift in Sources */,
				3A6D6E5D2AD9663D003EE439 /* UIViewController+Photos.swift in Sources */,
				3A4CB85A2ADED0B900F4A1BF /* TabCoordinator.swift in Sources */,
				3A14061F2AD4AC3B00ED8636 /* VerificationViewController.swift in Sources */,
				3A48E9E92AE933BF005F18BF /* UIViewController+TabBarHide.swift in Sources */,
				3AB0B34D2ADD613100F79316 /* SearchViewController.swift in Sources */,
				3A41C6232ADFE7E1007BCDD2 /* Event.swift in Sources */,
				3A48E9ED2AE940E4005F18BF /* ApiKeys.swift in Sources */,
				3AD698F42AE0479500657B16 /* TagView.swift in Sources */,
				3A6D6E512AD81600003EE439 /* FillDataViewController.swift in Sources */,
				3A6D6E5F2AD9667C003EE439 /* UIViewController+BlurLoader.swift in Sources */,
				3A1406802AD6ACBC00ED8636 /* PasswordTextField.swift in Sources */,
				3AD698EC2AE0230900657B16 /* HomeEventCell.swift in Sources */,
				3A1406142AD47BBD00ED8636 /* AuthorizationTextField.swift in Sources */,
				3A6D6E532AD817B4003EE439 /* FillDataStep.swift in Sources */,
				3A48E9EB2AE93956005F18BF /* UIViewController+SafeAreaHeight.swift in Sources */,
				3A1405EE2AD4302900ED8636 /* ReuseIdentifier.swift in Sources */,
				3A6D6E6D2AD97937003EE439 /* SelectionViewController.swift in Sources */,
				3A6D6E752AD98048003EE439 /* Selectable.swift in Sources */,
				3A6D6E972AD9B026003EE439 /* ForgotPasswordViewController.swift in Sources */,
				3A1406002AD43C5A00ED8636 /* CustomStyleLabel.swift in Sources */,
				3A1406832AD6AEF800ED8636 /* ResetPasswordViewController.swift in Sources */,
				3A1406092AD450EA00ED8636 /* FilledButton.swift in Sources */,
				3AD698F22AE03EFB00657B16 /* HomeJobCell.swift in Sources */,
				3A14060B2AD4698600ED8636 /* GoogleButton.swift in Sources */,
				3A6D6E8A2AD9A06A003EE439 /* VerificationType.swift in Sources */,
				3A1405E42AD42DA900ED8636 /* LocalizedStrings.swift in Sources */,
				3AD2034D2AE83937005169C2 /* PinFieldView.swift in Sources */,
				3A1406032AD43E2100ED8636 /* UIViewController+NavigationBar.swift in Sources */,
				3A1406122AD4753800ED8636 /* UIViewController+BackButton.swift in Sources */,
				3AD698EA2AE01F3900657B16 /* HomeViewHeader.swift in Sources */,
				3A1406072AD4440A00ED8636 /* AuthorizationViewController.swift in Sources */,
				3A41C6252ADFE7E6007BCDD2 /* Job.swift in Sources */,
				3A4CB8612ADF11A500F4A1BF /* AppCoordinator.swift in Sources */,
				3A1405F22AD434A200ED8636 /* OnboardingViewController.swift in Sources */,
				3A1405E52AD42DA900ED8636 /* Assets.swift in Sources */,
				3A1406102AD473FA00ED8636 /* SignUpViewController.swift in Sources */,
				3AB0B3442ADD506D00F79316 /* MainTab.swift in Sources */,
				3A14062F2AD57EFF00ED8636 /* MainTabBarController.swift in Sources */,
				3AB0B3532ADD616000F79316 /* ProfileViewController.swift in Sources */,
				3AB0B3502ADD614A00F79316 /* JobsViewController.swift in Sources */,
				3A6D6E692AD968D7003EE439 /* RoundImageView.swift in Sources */,
				3A48E9E32AE92347005F18BF /* EventsMapViewController.swift in Sources */,
				3A1405C02AD4261F00ED8636 /* AppDelegate.swift in Sources */,
				3AB0B34A2ADD610F00F79316 /* EventsViewController.swift in Sources */,
				3A6D6E792AD98B3D003EE439 /* UserData.swift in Sources */,
				3A6D6E6F2AD97B8B003EE439 /* SelectionType.swift in Sources */,
				3A1405FD2AD43C4100ED8636 /* Fonts.swift in Sources */,
				3A6D6E942AD9AF44003EE439 /* LoginViewController.swift in Sources */,
				3A1405F62AD435FC00ED8636 /* OnboardingElement.swift in Sources */,
				3A1406262AD54E1100ED8636 /* SuccessViewController.swift in Sources */,
				3A4CB85C2ADED40300F4A1BF /* Coordinator.swift in Sources */,
				3A6D6E5B2AD95427003EE439 /* SettingsManager.swift in Sources */,
				3A6D6E572AD84714003EE439 /* AddressDataCell.swift in Sources */,
				3A1405EC2AD4301900ED8636 /* Applyable.swift in Sources */,
				3A6D6E712AD97B95003EE439 /* City.swift in Sources */,
				3AD203442AE7DB56005169C2 /* EventCell.swift in Sources */,
				3A4CB8632ADF195400F4A1BF /* StubViewController.swift in Sources */,
				3AD698EE2AE0280900657B16 /* SmallActionButton.swift in Sources */,
				3AD203492AE7ED2C005169C2 /* EventVeiwController.swift in Sources */,
				3A6D6E772AD98527003EE439 /* SelectionCell.swift in Sources */,
				3A1405F02AD4340100ED8636 /* AuthCoordinator.swift in Sources */,
				3A48E9E72AE92CD7005F18BF /* SearchTextField.swift in Sources */,
			);
			runOnlyForDeploymentPostprocessing = 0;
		};
/* End PBXSourcesBuildPhase section */

/* Begin PBXVariantGroup section */
		3A1405CA2AD4262000ED8636 /* LaunchScreen.storyboard */ = {
			isa = PBXVariantGroup;
			children = (
				3A1405CB2AD4262000ED8636 /* Base */,
			);
			name = LaunchScreen.storyboard;
			sourceTree = "<group>";
		};
		3A1405E02AD42CE000ED8636 /* Localizable.strings */ = {
			isa = PBXVariantGroup;
			children = (
				3A1405DF2AD42CE000ED8636 /* en */,
				3A1405E12AD42CF300ED8636 /* en-GB */,
			);
			name = Localizable.strings;
			sourceTree = "<group>";
		};
		3A6D6E662AD9684B003EE439 /* InfoPlist.strings */ = {
			isa = PBXVariantGroup;
			children = (
				3A6D6E652AD9684B003EE439 /* en */,
				3A6D6E672AD9684F003EE439 /* en-GB */,
			);
			name = InfoPlist.strings;
			sourceTree = "<group>";
		};
/* End PBXVariantGroup section */

/* Begin XCBuildConfiguration section */
		3A1405CE2AD4262000ED8636 /* Debug */ = {
			isa = XCBuildConfiguration;
			buildSettings = {
				ALWAYS_SEARCH_USER_PATHS = NO;
				CLANG_ANALYZER_LOCALIZABILITY_NONLOCALIZED = YES;
				CLANG_ANALYZER_NONNULL = YES;
				CLANG_ANALYZER_NUMBER_OBJECT_CONVERSION = YES_AGGRESSIVE;
				CLANG_CXX_LANGUAGE_STANDARD = "gnu++20";
				CLANG_ENABLE_MODULES = YES;
				CLANG_ENABLE_OBJC_ARC = YES;
				CLANG_ENABLE_OBJC_WEAK = YES;
				CLANG_WARN_BLOCK_CAPTURE_AUTORELEASING = YES;
				CLANG_WARN_BOOL_CONVERSION = YES;
				CLANG_WARN_COMMA = YES;
				CLANG_WARN_CONSTANT_CONVERSION = YES;
				CLANG_WARN_DEPRECATED_OBJC_IMPLEMENTATIONS = YES;
				CLANG_WARN_DIRECT_OBJC_ISA_USAGE = YES_ERROR;
				CLANG_WARN_DOCUMENTATION_COMMENTS = YES;
				CLANG_WARN_EMPTY_BODY = YES;
				CLANG_WARN_ENUM_CONVERSION = YES;
				CLANG_WARN_INFINITE_RECURSION = YES;
				CLANG_WARN_INT_CONVERSION = YES;
				CLANG_WARN_NON_LITERAL_NULL_CONVERSION = YES;
				CLANG_WARN_OBJC_IMPLICIT_RETAIN_SELF = YES;
				CLANG_WARN_OBJC_LITERAL_CONVERSION = YES;
				CLANG_WARN_OBJC_ROOT_CLASS = YES_ERROR;
				CLANG_WARN_QUOTED_INCLUDE_IN_FRAMEWORK_HEADER = YES;
				CLANG_WARN_RANGE_LOOP_ANALYSIS = YES;
				CLANG_WARN_STRICT_PROTOTYPES = YES;
				CLANG_WARN_SUSPICIOUS_MOVE = YES;
				CLANG_WARN_UNGUARDED_AVAILABILITY = YES_AGGRESSIVE;
				CLANG_WARN_UNREACHABLE_CODE = YES;
				CLANG_WARN__DUPLICATE_METHOD_MATCH = YES;
				COPY_PHASE_STRIP = NO;
				DEBUG_INFORMATION_FORMAT = dwarf;
				ENABLE_STRICT_OBJC_MSGSEND = YES;
				ENABLE_TESTABILITY = YES;
				GCC_C_LANGUAGE_STANDARD = gnu11;
				GCC_DYNAMIC_NO_PIC = NO;
				GCC_NO_COMMON_BLOCKS = YES;
				GCC_OPTIMIZATION_LEVEL = 0;
				GCC_PREPROCESSOR_DEFINITIONS = (
					"DEBUG=1",
					"$(inherited)",
				);
				GCC_WARN_64_TO_32_BIT_CONVERSION = YES;
				GCC_WARN_ABOUT_RETURN_TYPE = YES_ERROR;
				GCC_WARN_UNDECLARED_SELECTOR = YES;
				GCC_WARN_UNINITIALIZED_AUTOS = YES_AGGRESSIVE;
				GCC_WARN_UNUSED_FUNCTION = YES;
				GCC_WARN_UNUSED_VARIABLE = YES;
				IPHONEOS_DEPLOYMENT_TARGET = 16.2;
				MTL_ENABLE_DEBUG_INFO = INCLUDE_SOURCE;
				MTL_FAST_MATH = YES;
				ONLY_ACTIVE_ARCH = YES;
				SDKROOT = iphoneos;
				SWIFT_ACTIVE_COMPILATION_CONDITIONS = DEBUG;
				SWIFT_OPTIMIZATION_LEVEL = "-Onone";
			};
			name = Debug;
		};
		3A1405CF2AD4262000ED8636 /* Release */ = {
			isa = XCBuildConfiguration;
			buildSettings = {
				ALWAYS_SEARCH_USER_PATHS = NO;
				CLANG_ANALYZER_LOCALIZABILITY_NONLOCALIZED = YES;
				CLANG_ANALYZER_NONNULL = YES;
				CLANG_ANALYZER_NUMBER_OBJECT_CONVERSION = YES_AGGRESSIVE;
				CLANG_CXX_LANGUAGE_STANDARD = "gnu++20";
				CLANG_ENABLE_MODULES = YES;
				CLANG_ENABLE_OBJC_ARC = YES;
				CLANG_ENABLE_OBJC_WEAK = YES;
				CLANG_WARN_BLOCK_CAPTURE_AUTORELEASING = YES;
				CLANG_WARN_BOOL_CONVERSION = YES;
				CLANG_WARN_COMMA = YES;
				CLANG_WARN_CONSTANT_CONVERSION = YES;
				CLANG_WARN_DEPRECATED_OBJC_IMPLEMENTATIONS = YES;
				CLANG_WARN_DIRECT_OBJC_ISA_USAGE = YES_ERROR;
				CLANG_WARN_DOCUMENTATION_COMMENTS = YES;
				CLANG_WARN_EMPTY_BODY = YES;
				CLANG_WARN_ENUM_CONVERSION = YES;
				CLANG_WARN_INFINITE_RECURSION = YES;
				CLANG_WARN_INT_CONVERSION = YES;
				CLANG_WARN_NON_LITERAL_NULL_CONVERSION = YES;
				CLANG_WARN_OBJC_IMPLICIT_RETAIN_SELF = YES;
				CLANG_WARN_OBJC_LITERAL_CONVERSION = YES;
				CLANG_WARN_OBJC_ROOT_CLASS = YES_ERROR;
				CLANG_WARN_QUOTED_INCLUDE_IN_FRAMEWORK_HEADER = YES;
				CLANG_WARN_RANGE_LOOP_ANALYSIS = YES;
				CLANG_WARN_STRICT_PROTOTYPES = YES;
				CLANG_WARN_SUSPICIOUS_MOVE = YES;
				CLANG_WARN_UNGUARDED_AVAILABILITY = YES_AGGRESSIVE;
				CLANG_WARN_UNREACHABLE_CODE = YES;
				CLANG_WARN__DUPLICATE_METHOD_MATCH = YES;
				COPY_PHASE_STRIP = NO;
				DEBUG_INFORMATION_FORMAT = "dwarf-with-dsym";
				ENABLE_NS_ASSERTIONS = NO;
				ENABLE_STRICT_OBJC_MSGSEND = YES;
				GCC_C_LANGUAGE_STANDARD = gnu11;
				GCC_NO_COMMON_BLOCKS = YES;
				GCC_WARN_64_TO_32_BIT_CONVERSION = YES;
				GCC_WARN_ABOUT_RETURN_TYPE = YES_ERROR;
				GCC_WARN_UNDECLARED_SELECTOR = YES;
				GCC_WARN_UNINITIALIZED_AUTOS = YES_AGGRESSIVE;
				GCC_WARN_UNUSED_FUNCTION = YES;
				GCC_WARN_UNUSED_VARIABLE = YES;
				IPHONEOS_DEPLOYMENT_TARGET = 16.2;
				MTL_ENABLE_DEBUG_INFO = NO;
				MTL_FAST_MATH = YES;
				SDKROOT = iphoneos;
				SWIFT_COMPILATION_MODE = wholemodule;
				SWIFT_OPTIMIZATION_LEVEL = "-O";
				VALIDATE_PRODUCT = YES;
			};
			name = Release;
		};
		3A1405D12AD4262000ED8636 /* Debug */ = {
			isa = XCBuildConfiguration;
			baseConfigurationReference = 455B79B4F3C12926D88BA0D6 /* Pods-AMSI.debug.xcconfig */;
			buildSettings = {
				ASSETCATALOG_COMPILER_APPICON_NAME = AppIcon;
				ASSETCATALOG_COMPILER_GLOBAL_ACCENT_COLOR_NAME = AccentColor;
				CODE_SIGN_STYLE = Automatic;
				CURRENT_PROJECT_VERSION = 26;
				DEVELOPMENT_TEAM = 42A44VV92B;
				GENERATE_INFOPLIST_FILE = YES;
				INFOPLIST_FILE = AMSI/Info.plist;
				INFOPLIST_KEY_UIApplicationSupportsIndirectInputEvents = YES;
				INFOPLIST_KEY_UILaunchStoryboardName = LaunchScreen;
				INFOPLIST_KEY_UISupportedInterfaceOrientations = "UIInterfaceOrientationLandscapeRight UIInterfaceOrientationPortrait";
				INFOPLIST_KEY_UISupportedInterfaceOrientations_iPad = "UIInterfaceOrientationLandscapeLeft UIInterfaceOrientationLandscapeRight UIInterfaceOrientationPortrait UIInterfaceOrientationPortraitUpsideDown";
				IPHONEOS_DEPLOYMENT_TARGET = 14.0;
				LD_RUNPATH_SEARCH_PATHS = (
					"$(inherited)",
					"@executable_path/Frameworks",
				);
				MARKETING_VERSION = 1.0;
				PRODUCT_BUNDLE_IDENTIFIER = testapp1.etnocode.com.ua;
				PRODUCT_NAME = "$(TARGET_NAME)";
				SUPPORTED_PLATFORMS = "iphoneos iphonesimulator";
				SUPPORTS_MACCATALYST = NO;
				SUPPORTS_MAC_DESIGNED_FOR_IPHONE_IPAD = NO;
				SWIFT_EMIT_LOC_STRINGS = YES;
				SWIFT_VERSION = 5.0;
				TARGETED_DEVICE_FAMILY = 1;
			};
			name = Debug;
		};
		3A1405D22AD4262000ED8636 /* Release */ = {
			isa = XCBuildConfiguration;
			baseConfigurationReference = 3640F178569B80210995DB0E /* Pods-AMSI.release.xcconfig */;
			buildSettings = {
				ASSETCATALOG_COMPILER_APPICON_NAME = AppIcon;
				ASSETCATALOG_COMPILER_GLOBAL_ACCENT_COLOR_NAME = AccentColor;
				CODE_SIGN_STYLE = Automatic;
				CURRENT_PROJECT_VERSION = 26;
				DEVELOPMENT_TEAM = 42A44VV92B;
				GENERATE_INFOPLIST_FILE = YES;
				INFOPLIST_FILE = AMSI/Info.plist;
				INFOPLIST_KEY_UIApplicationSupportsIndirectInputEvents = YES;
				INFOPLIST_KEY_UILaunchStoryboardName = LaunchScreen;
				INFOPLIST_KEY_UISupportedInterfaceOrientations = "UIInterfaceOrientationLandscapeRight UIInterfaceOrientationPortrait";
				INFOPLIST_KEY_UISupportedInterfaceOrientations_iPad = "UIInterfaceOrientationLandscapeLeft UIInterfaceOrientationLandscapeRight UIInterfaceOrientationPortrait UIInterfaceOrientationPortraitUpsideDown";
				IPHONEOS_DEPLOYMENT_TARGET = 14.0;
				LD_RUNPATH_SEARCH_PATHS = (
					"$(inherited)",
					"@executable_path/Frameworks",
				);
				MARKETING_VERSION = 1.0;
				PRODUCT_BUNDLE_IDENTIFIER = testapp1.etnocode.com.ua;
				PRODUCT_NAME = "$(TARGET_NAME)";
				SUPPORTED_PLATFORMS = "iphoneos iphonesimulator";
				SUPPORTS_MACCATALYST = NO;
				SUPPORTS_MAC_DESIGNED_FOR_IPHONE_IPAD = NO;
				SWIFT_EMIT_LOC_STRINGS = YES;
				SWIFT_VERSION = 5.0;
				TARGETED_DEVICE_FAMILY = 1;
			};
			name = Release;
		};
/* End XCBuildConfiguration section */

/* Begin XCConfigurationList section */
		3A1405B72AD4261F00ED8636 /* Build configuration list for PBXProject "AMSI" */ = {
			isa = XCConfigurationList;
			buildConfigurations = (
				3A1405CE2AD4262000ED8636 /* Debug */,
				3A1405CF2AD4262000ED8636 /* Release */,
			);
			defaultConfigurationIsVisible = 0;
			defaultConfigurationName = Release;
		};
		3A1405D02AD4262000ED8636 /* Build configuration list for PBXNativeTarget "AMSI" */ = {
			isa = XCConfigurationList;
			buildConfigurations = (
				3A1405D12AD4262000ED8636 /* Debug */,
				3A1405D22AD4262000ED8636 /* Release */,
			);
			defaultConfigurationIsVisible = 0;
			defaultConfigurationName = Release;
		};
/* End XCConfigurationList section */

/* Begin XCRemoteSwiftPackageReference section */
		3A683F882AE949460001ADD2 /* XCRemoteSwiftPackageReference "SnapKit" */ = {
			isa = XCRemoteSwiftPackageReference;
			repositoryURL = "https://github.com/SnapKit/SnapKit";
			requirement = {
				kind = upToNextMinorVersion;
				minimumVersion = 5.6.0;
			};
		};
/* End XCRemoteSwiftPackageReference section */

/* Begin XCSwiftPackageProductDependency section */
		3A683F892AE949460001ADD2 /* SnapKit */ = {
			isa = XCSwiftPackageProductDependency;
			package = 3A683F882AE949460001ADD2 /* XCRemoteSwiftPackageReference "SnapKit" */;
			productName = SnapKit;
		};
/* End XCSwiftPackageProductDependency section */
	};
	rootObject = 3A1405B42AD4261F00ED8636 /* Project object */;
}
